
Microsoft Visual Studio Solution File, Format Version 12.00
# Visual Studio Version 16
VisualStudioVersion = 16.0.29709.97
MinimumVisualStudioVersion = 10.0.40219.1
Project("{FAE04EC0-301F-11D3-BF4B-00C04F79EFBC}") = "TEAM", "TEAM\TEAM.csproj", "{73971441-2782-43CF-862C-1F636528858A}"
EndProject
Project("{54435603-DBB4-11D2-8724-00A0C9A8B90C}") = "TEAM_Installation_Setup", "TEAM_Installation_Setup\TEAM_Installation_Setup.vdproj", "{1852EE88-A5AB-4241-AF6E-085ADE61C74A}"
EndProject
Project("{FAE04EC0-301F-11D3-BF4B-00C04F79EFBC}") = "TEAM_Library", "Team_Library\TEAM_Library.csproj", "{CE615A6F-D85D-47C6-B829-0679BEE1C593}"
EndProject
Global
	GlobalSection(SolutionConfigurationPlatforms) = preSolution
		Debug|Any CPU = Debug|Any CPU
		Release|Any CPU = Release|Any CPU
	EndGlobalSection
	GlobalSection(ProjectConfigurationPlatforms) = postSolution
		{73971441-2782-43CF-862C-1F636528858A}.Debug|Any CPU.ActiveCfg = Debug|Any CPU
		{73971441-2782-43CF-862C-1F636528858A}.Debug|Any CPU.Build.0 = Debug|Any CPU
		{73971441-2782-43CF-862C-1F636528858A}.Release|Any CPU.ActiveCfg = Release|Any CPU
		{73971441-2782-43CF-862C-1F636528858A}.Release|Any CPU.Build.0 = Release|Any CPU
		{1852EE88-A5AB-4241-AF6E-085ADE61C74A}.Debug|Any CPU.ActiveCfg = Debug
		{1852EE88-A5AB-4241-AF6E-085ADE61C74A}.Release|Any CPU.ActiveCfg = Release
		{CE615A6F-D85D-47C6-B829-0679BEE1C593}.Debug|Any CPU.ActiveCfg = Debug|Any CPU
		{CE615A6F-D85D-47C6-B829-0679BEE1C593}.Debug|Any CPU.Build.0 = Debug|Any CPU
		{CE615A6F-D85D-47C6-B829-0679BEE1C593}.Release|Any CPU.ActiveCfg = Release|Any CPU
		{CE615A6F-D85D-47C6-B829-0679BEE1C593}.Release|Any CPU.Build.0 = Release|Any CPU
	EndGlobalSection
	GlobalSection(SolutionProperties) = preSolution
		HideSolutionNode = FALSE
	EndGlobalSection
	GlobalSection(ExtensibilityGlobals) = postSolution
		SolutionGuid = {A5CD8A2D-C96F-4323-BC06-813131FEBF93}
	EndGlobalSection
EndGlobal
