
Microsoft Visual Studio Solution File, Format Version 12.00
# Visual Studio 15
VisualStudioVersion = 15.0.27703.2018
MinimumVisualStudioVersion = 10.0.40219.1
Project("{FAE04EC0-301F-11D3-BF4B-00C04F79EFBC}") = "TEAM", "TEAM\TEAM.csproj", "{73971441-2782-43CF-862C-1F636528858A}"
EndProject
Global
	GlobalSection(SolutionConfigurationPlatforms) = preSolution
		Debug|Any CPU = Debug|Any CPU
		Release|Any CPU = Release|Any CPU
	EndGlobalSection
	GlobalSection(ProjectConfigurationPlatforms) = postSolution
		{73971441-2782-43CF-862C-1F636528858A}.Debug|Any CPU.ActiveCfg = Debug|Any CPU
		{73971441-2782-43CF-862C-1F636528858A}.Debug|Any CPU.Build.0 = Debug|Any CPU
		{73971441-2782-43CF-862C-1F636528858A}.Release|Any CPU.ActiveCfg = Release|Any CPU
		{73971441-2782-43CF-862C-1F636528858A}.Release|Any CPU.Build.0 = Release|Any CPU
	EndGlobalSection
	GlobalSection(SolutionProperties) = preSolution
		HideSolutionNode = FALSE
	EndGlobalSection
	GlobalSection(ExtensibilityGlobals) = postSolution
		SolutionGuid = {A5CD8A2D-C96F-4323-BC06-813131FEBF93}
	EndGlobalSection
EndGlobal
